
Microsoft Visual Studio Solution File, Format Version 12.00
# Visual Studio Version 16
VisualStudioVersion = 16.0.29102.190
MinimumVisualStudioVersion = 10.0.40219.1
Project("{FAE04EC0-301F-11D3-BF4B-00C04F79EFBC}") = "EvrikaClock.Mobile.Android", "EvrikaClock.Mobile\EvrikaClock.Mobile.Android\EvrikaClock.Mobile.Android.csproj", "{97784872-1272-413B-A240-EE828DA83F3E}"
EndProject
Project("{FAE04EC0-301F-11D3-BF4B-00C04F79EFBC}") = "EvrikaClock.Mobile.iOS", "EvrikaClock.Mobile\EvrikaClock.Mobile.iOS\EvrikaClock.Mobile.iOS.csproj", "{341A077B-3EEF-4B3B-AC26-26F92993D73E}"
EndProject
Project("{FAE04EC0-301F-11D3-BF4B-00C04F79EFBC}") = "EvrikaClock.Mobile", "EvrikaClock.Mobile\EvrikaClock.Mobile\EvrikaClock.Mobile.csproj", "{7AE6FF37-AF49-44F0-8FD2-44416DC2A3E7}"
EndProject
Global
	GlobalSection(SolutionConfigurationPlatforms) = preSolution
		Debug|Any CPU = Debug|Any CPU
		Debug|iPhone = Debug|iPhone
		Debug|iPhoneSimulator = Debug|iPhoneSimulator
		Release|Any CPU = Release|Any CPU
		Release|iPhone = Release|iPhone
		Release|iPhoneSimulator = Release|iPhoneSimulator
	EndGlobalSection
	GlobalSection(ProjectConfigurationPlatforms) = postSolution
		{97784872-1272-413B-A240-EE828DA83F3E}.Debug|Any CPU.ActiveCfg = Debug|Any CPU
		{97784872-1272-413B-A240-EE828DA83F3E}.Debug|Any CPU.Build.0 = Debug|Any CPU
		{97784872-1272-413B-A240-EE828DA83F3E}.Debug|Any CPU.Deploy.0 = Debug|Any CPU
		{97784872-1272-413B-A240-EE828DA83F3E}.Debug|iPhone.ActiveCfg = Debug|Any CPU
		{97784872-1272-413B-A240-EE828DA83F3E}.Debug|iPhone.Build.0 = Debug|Any CPU
		{97784872-1272-413B-A240-EE828DA83F3E}.Debug|iPhone.Deploy.0 = Debug|Any CPU
		{97784872-1272-413B-A240-EE828DA83F3E}.Debug|iPhoneSimulator.ActiveCfg = Debug|Any CPU
		{97784872-1272-413B-A240-EE828DA83F3E}.Debug|iPhoneSimulator.Build.0 = Debug|Any CPU
		{97784872-1272-413B-A240-EE828DA83F3E}.Debug|iPhoneSimulator.Deploy.0 = Debug|Any CPU
		{97784872-1272-413B-A240-EE828DA83F3E}.Release|Any CPU.ActiveCfg = Release|Any CPU
		{97784872-1272-413B-A240-EE828DA83F3E}.Release|Any CPU.Build.0 = Release|Any CPU
		{97784872-1272-413B-A240-EE828DA83F3E}.Release|Any CPU.Deploy.0 = Release|Any CPU
		{97784872-1272-413B-A240-EE828DA83F3E}.Release|iPhone.ActiveCfg = Release|Any CPU
		{97784872-1272-413B-A240-EE828DA83F3E}.Release|iPhone.Build.0 = Release|Any CPU
		{97784872-1272-413B-A240-EE828DA83F3E}.Release|iPhone.Deploy.0 = Release|Any CPU
		{97784872-1272-413B-A240-EE828DA83F3E}.Release|iPhoneSimulator.ActiveCfg = Release|Any CPU
		{97784872-1272-413B-A240-EE828DA83F3E}.Release|iPhoneSimulator.Build.0 = Release|Any CPU
		{97784872-1272-413B-A240-EE828DA83F3E}.Release|iPhoneSimulator.Deploy.0 = Release|Any CPU
		{341A077B-3EEF-4B3B-AC26-26F92993D73E}.Debug|Any CPU.ActiveCfg = Debug|iPhoneSimulator
		{341A077B-3EEF-4B3B-AC26-26F92993D73E}.Debug|Any CPU.Build.0 = Debug|iPhoneSimulator
		{341A077B-3EEF-4B3B-AC26-26F92993D73E}.Debug|Any CPU.Deploy.0 = Debug|iPhoneSimulator
		{341A077B-3EEF-4B3B-AC26-26F92993D73E}.Debug|iPhone.ActiveCfg = Debug|iPhone
		{341A077B-3EEF-4B3B-AC26-26F92993D73E}.Debug|iPhone.Build.0 = Debug|iPhone
		{341A077B-3EEF-4B3B-AC26-26F92993D73E}.Debug|iPhone.Deploy.0 = Debug|iPhone
		{341A077B-3EEF-4B3B-AC26-26F92993D73E}.Debug|iPhoneSimulator.ActiveCfg = Debug|iPhoneSimulator
		{341A077B-3EEF-4B3B-AC26-26F92993D73E}.Debug|iPhoneSimulator.Build.0 = Debug|iPhoneSimulator
		{341A077B-3EEF-4B3B-AC26-26F92993D73E}.Debug|iPhoneSimulator.Deploy.0 = Debug|iPhoneSimulator
		{341A077B-3EEF-4B3B-AC26-26F92993D73E}.Release|Any CPU.ActiveCfg = Release|iPhone
		{341A077B-3EEF-4B3B-AC26-26F92993D73E}.Release|Any CPU.Build.0 = Release|iPhone
		{341A077B-3EEF-4B3B-AC26-26F92993D73E}.Release|Any CPU.Deploy.0 = Release|iPhone
		{341A077B-3EEF-4B3B-AC26-26F92993D73E}.Release|iPhone.ActiveCfg = Release|iPhone
		{341A077B-3EEF-4B3B-AC26-26F92993D73E}.Release|iPhone.Build.0 = Release|iPhone
		{341A077B-3EEF-4B3B-AC26-26F92993D73E}.Release|iPhone.Deploy.0 = Release|iPhone
		{341A077B-3EEF-4B3B-AC26-26F92993D73E}.Release|iPhoneSimulator.ActiveCfg = Release|iPhoneSimulator
		{341A077B-3EEF-4B3B-AC26-26F92993D73E}.Release|iPhoneSimulator.Build.0 = Release|iPhoneSimulator
		{341A077B-3EEF-4B3B-AC26-26F92993D73E}.Release|iPhoneSimulator.Deploy.0 = Release|iPhoneSimulator
		{7AE6FF37-AF49-44F0-8FD2-44416DC2A3E7}.Debug|Any CPU.ActiveCfg = Debug|Any CPU
		{7AE6FF37-AF49-44F0-8FD2-44416DC2A3E7}.Debug|Any CPU.Build.0 = Debug|Any CPU
		{7AE6FF37-AF49-44F0-8FD2-44416DC2A3E7}.Debug|Any CPU.Deploy.0 = Debug|Any CPU
		{7AE6FF37-AF49-44F0-8FD2-44416DC2A3E7}.Debug|iPhone.ActiveCfg = Debug|Any CPU
		{7AE6FF37-AF49-44F0-8FD2-44416DC2A3E7}.Debug|iPhone.Build.0 = Debug|Any CPU
		{7AE6FF37-AF49-44F0-8FD2-44416DC2A3E7}.Debug|iPhone.Deploy.0 = Debug|Any CPU
		{7AE6FF37-AF49-44F0-8FD2-44416DC2A3E7}.Debug|iPhoneSimulator.ActiveCfg = Debug|Any CPU
		{7AE6FF37-AF49-44F0-8FD2-44416DC2A3E7}.Debug|iPhoneSimulator.Build.0 = Debug|Any CPU
		{7AE6FF37-AF49-44F0-8FD2-44416DC2A3E7}.Debug|iPhoneSimulator.Deploy.0 = Debug|Any CPU
		{7AE6FF37-AF49-44F0-8FD2-44416DC2A3E7}.Release|Any CPU.ActiveCfg = Release|Any CPU
		{7AE6FF37-AF49-44F0-8FD2-44416DC2A3E7}.Release|Any CPU.Build.0 = Release|Any CPU
		{7AE6FF37-AF49-44F0-8FD2-44416DC2A3E7}.Release|Any CPU.Deploy.0 = Release|Any CPU
		{7AE6FF37-AF49-44F0-8FD2-44416DC2A3E7}.Release|iPhone.ActiveCfg = Release|Any CPU
		{7AE6FF37-AF49-44F0-8FD2-44416DC2A3E7}.Release|iPhone.Build.0 = Release|Any CPU
		{7AE6FF37-AF49-44F0-8FD2-44416DC2A3E7}.Release|iPhone.Deploy.0 = Release|Any CPU
		{7AE6FF37-AF49-44F0-8FD2-44416DC2A3E7}.Release|iPhoneSimulator.ActiveCfg = Release|Any CPU
		{7AE6FF37-AF49-44F0-8FD2-44416DC2A3E7}.Release|iPhoneSimulator.Build.0 = Release|Any CPU
		{7AE6FF37-AF49-44F0-8FD2-44416DC2A3E7}.Release|iPhoneSimulator.Deploy.0 = Release|Any CPU
	EndGlobalSection
	GlobalSection(SolutionProperties) = preSolution
		HideSolutionNode = FALSE
	EndGlobalSection
	GlobalSection(ExtensibilityGlobals) = postSolution
		SolutionGuid = {9567ECA4-267E-4F9D-8D07-680768B439FE}
	EndGlobalSection
EndGlobal
